# THIS IS AN AUTOGENERATED FILE. DO NOT EDIT THIS FILE DIRECTLY.
# yarn lockfile v1


"@types/body-parser@*":
  version "1.17.1"
  resolved "https://registry.yarnpkg.com/@types/body-parser/-/body-parser-1.17.1.tgz#18fcf61768fb5c30ccc508c21d6fd2e8b3bf7897"
  integrity sha512-RoX2EZjMiFMjZh9lmYrwgoP9RTpAjSHiJxdp4oidAQVO02T7HER3xj9UKue5534ULWeqVEkujhWcyvUce+d68w==
  dependencies:
    "@types/connect" "*"
    "@types/node" "*"

"@types/connect@*":
  version "3.4.33"
  resolved "https://registry.yarnpkg.com/@types/connect/-/connect-3.4.33.tgz#31610c901eca573b8713c3330abc6e6b9f588546"
  integrity sha512-2+FrkXY4zllzTNfJth7jOqEHC+enpLeGslEhpnTAkg21GkRrWV4SsAtqchtT4YS9/nODBU2/ZfsBY2X4J/dX7A==
  dependencies:
    "@types/node" "*"

"@types/cors@^2.8.6":
  version "2.8.6"
  resolved "https://registry.yarnpkg.com/@types/cors/-/cors-2.8.6.tgz#cfaab33c49c15b1ded32f235111ce9123009bd02"
  integrity sha512-invOmosX0DqbpA+cE2yoHGUlF/blyf7nB0OGYBBiH27crcVm5NmFaZkLP4Ta1hGaesckCi5lVLlydNJCxkTOSg==
  dependencies:
    "@types/express" "*"

"@types/express-serve-static-core@*":
  version "4.17.0"
  resolved "https://registry.yarnpkg.com/@types/express-serve-static-core/-/express-serve-static-core-4.17.0.tgz#e80c25903df5800e926402b7e8267a675c54a281"
  integrity sha512-Xnub7w57uvcBqFdIGoRg1KhNOeEj0vB6ykUM7uFWyxvbdE89GFyqgmUcanAriMr4YOxNFZBAWkfcWIb4WBPt3g==
  dependencies:
    "@types/node" "*"
    "@types/range-parser" "*"

"@types/express@*":
  version "4.17.2"
  resolved "https://registry.yarnpkg.com/@types/express/-/express-4.17.2.tgz#a0fb7a23d8855bac31bc01d5a58cadd9b2173e6c"
  integrity sha512-5mHFNyavtLoJmnusB8OKJ5bshSzw+qkMIBAobLrIM48HJvunFva9mOa6aBwh64lBFyNwBbs0xiEFuj4eU/NjCA==
  dependencies:
    "@types/body-parser" "*"
    "@types/express-serve-static-core" "*"
    "@types/serve-static" "*"

"@types/mime@*":
  version "2.0.1"
  resolved "https://registry.yarnpkg.com/@types/mime/-/mime-2.0.1.tgz#dc488842312a7f075149312905b5e3c0b054c79d"
  integrity sha512-FwI9gX75FgVBJ7ywgnq/P7tw+/o1GUbtP0KzbtusLigAOgIgNISRK0ZPl4qertvXSIE8YbsVJueQ90cDt9YYyw==

"@types/node@*":
  version "12.12.20"
  resolved "https://registry.yarnpkg.com/@types/node/-/node-12.12.20.tgz#7b693038ce661fe57a7ffa4679440b5e7c5e8b99"
  integrity sha512-VAe+DiwpnC/g448uN+/3gRl4th0BTdrR9gSLIOHA+SUQskaYZQDOHG7xmjiE7JUhjbXnbXytf6Ih+/pA6CtMFQ==

"@types/range-parser@*":
  version "1.2.3"
  resolved "https://registry.yarnpkg.com/@types/range-parser/-/range-parser-1.2.3.tgz#7ee330ba7caafb98090bece86a5ee44115904c2c"
  integrity sha512-ewFXqrQHlFsgc09MK5jP5iR7vumV/BYayNC6PgJO2LPe8vrnNFyjQjSppfEngITi0qvfKtzFvgKymGheFM9UOA==

"@types/serve-static@*":
  version "1.13.3"
  resolved "https://registry.yarnpkg.com/@types/serve-static/-/serve-static-1.13.3.tgz#eb7e1c41c4468272557e897e9171ded5e2ded9d1"
  integrity sha512-oprSwp094zOglVrXdlo/4bAHtKTAxX6VT8FOZlBKrmyLbNvE1zxZyJ6yikMVtHIvwP45+ZQGJn+FdXGKTozq0g==
  dependencies:
    "@types/express-serve-static-core" "*"
    "@types/mime" "*"

cors@^2.8.5:
  version "2.8.5"
  resolved "https://registry.yarnpkg.com/cors/-/cors-2.8.5.tgz#eac11da51592dd86b9f06f6e7ac293b3df875d29"
  integrity sha512-KIHbLJqu73RGr/hnbrO9uBeixNGuvSQjul/jdFvS/KFSIH1hWVd1ng7zOHx+YrEfInLG7q4n6GHQ9cDtxv/P6g==
  dependencies:
    object-assign "^4"
    vary "^1"

object-assign@^4:
  version "4.1.1"
  resolved "https://registry.yarnpkg.com/object-assign/-/object-assign-4.1.1.tgz#2109adc7965887cfc05cbbd442cac8bfbb360863"
  integrity sha1-IQmtx5ZYh8/AXLvUQsrIv7s2CGM=

vary@^1:
  version "1.1.2"
  resolved "https://registry.yarnpkg.com/vary/-/vary-1.1.2.tgz#2299f02c6ded30d4a5961b0b9f74524a18f634fc"
  integrity sha1-IpnwLG3tMNSllhsLn3RSShj2NPw=
